
Microsoft Visual Studio Solution File, Format Version 12.00
# Visual Studio Version 17
VisualStudioVersion = 17.12.35527.113 d17.12
MinimumVisualStudioVersion = 10.0.40219.1
Project("{FAE04EC0-301F-11D3-BF4B-00C04F79EFBC}") = "BlazorRDLCViewerWebAssembly", "BlazorRDLCViewerWebAssembly\BlazorRDLCViewerWebAssembly.csproj", "{8E76F1B7-0250-437B-950C-75D87466490E}"
EndProject
Project("{FAE04EC0-301F-11D3-BF4B-00C04F79EFBC}") = "BlazorRDLCViewerWebAssembly.Client", "BlazorRDLCViewerWebAssembly.Client\BlazorRDLCViewerWebAssembly.Client.csproj", "{9CE1C415-34CF-43BA-86E7-4A65C5E8E88A}"
EndProject
Global
	GlobalSection(SolutionConfigurationPlatforms) = preSolution
		Debug|Any CPU = Debug|Any CPU
		Release|Any CPU = Release|Any CPU
	EndGlobalSection
	GlobalSection(ProjectConfigurationPlatforms) = postSolution
		{8E76F1B7-0250-437B-950C-75D87466490E}.Debug|Any CPU.ActiveCfg = Debug|Any CPU
		{8E76F1B7-0250-437B-950C-75D87466490E}.Debug|Any CPU.Build.0 = Debug|Any CPU
		{8E76F1B7-0250-437B-950C-75D87466490E}.Release|Any CPU.ActiveCfg = Release|Any CPU
		{8E76F1B7-0250-437B-950C-75D87466490E}.Release|Any CPU.Build.0 = Release|Any CPU
		{9CE1C415-34CF-43BA-86E7-4A65C5E8E88A}.Debug|Any CPU.ActiveCfg = Debug|Any CPU
		{9CE1C415-34CF-43BA-86E7-4A65C5E8E88A}.Debug|Any CPU.Build.0 = Debug|Any CPU
		{9CE1C415-34CF-43BA-86E7-4A65C5E8E88A}.Release|Any CPU.ActiveCfg = Release|Any CPU
		{9CE1C415-34CF-43BA-86E7-4A65C5E8E88A}.Release|Any CPU.Build.0 = Release|Any CPU
	EndGlobalSection
	GlobalSection(SolutionProperties) = preSolution
		HideSolutionNode = FALSE
	EndGlobalSection
EndGlobal
